
Microsoft Visual Studio Solution File, Format Version 12.00
# Visual Studio Version 17
VisualStudioVersion = 17.1.32414.318
MinimumVisualStudioVersion = 10.0.40219.1
Project("{FAE04EC0-301F-11D3-BF4B-00C04F79EFBC}") = "WonConnect", "WonConnect\WonConnect.csproj", "{0D900FD0-1766-4E61-A7DC-8A657505DDA2}"
EndProject
Global
	GlobalSection(SolutionConfigurationPlatforms) = preSolution
		Debug|Any CPU = Debug|Any CPU
		Release|Any CPU = Release|Any CPU
	EndGlobalSection
	GlobalSection(ProjectConfigurationPlatforms) = postSolution
		{0D900FD0-1766-4E61-A7DC-8A657505DDA2}.Debug|Any CPU.ActiveCfg = Debug|Any CPU
		{0D900FD0-1766-4E61-A7DC-8A657505DDA2}.Debug|Any CPU.Build.0 = Debug|Any CPU
		{0D900FD0-1766-4E61-A7DC-8A657505DDA2}.Release|Any CPU.ActiveCfg = Release|Any CPU
		{0D900FD0-1766-4E61-A7DC-8A657505DDA2}.Release|Any CPU.Build.0 = Release|Any CPU
	EndGlobalSection
	GlobalSection(SolutionProperties) = preSolution
		HideSolutionNode = FALSE
	EndGlobalSection
	GlobalSection(ExtensibilityGlobals) = postSolution
		SolutionGuid = {64022ACB-92F2-477C-A851-4FD4377E207D}
	EndGlobalSection
EndGlobal
